// !$*UTF8*$!
{
	archiveVersion = 1;
	classes = {
	};
	objectVersion = 56;
	objects = {

/* Begin PBXBuildFile section */
		122969CC2AA6221B000DFC2E /* AppDelegate.swift in Sources */ = {isa = PBXBuildFile; fileRef = 122969CB2AA6221B000DFC2E /* AppDelegate.swift */; };
		122969CE2AA6221B000DFC2E /* SceneDelegate.swift in Sources */ = {isa = PBXBuildFile; fileRef = 122969CD2AA6221B000DFC2E /* SceneDelegate.swift */; };
		122969D02AA6221B000DFC2E /* CatImagesController.swift in Sources */ = {isa = PBXBuildFile; fileRef = 122969CF2AA6221B000DFC2E /* CatImagesController.swift */; };
		122969D32AA6221B000DFC2E /* Main.storyboard in Resources */ = {isa = PBXBuildFile; fileRef = 122969D12AA6221B000DFC2E /* Main.storyboard */; };
		122969D52AA6221F000DFC2E /* Assets.xcassets in Resources */ = {isa = PBXBuildFile; fileRef = 122969D42AA6221F000DFC2E /* Assets.xcassets */; };
		122969D82AA6221F000DFC2E /* LaunchScreen.storyboard in Resources */ = {isa = PBXBuildFile; fileRef = 122969D62AA6221F000DFC2E /* LaunchScreen.storyboard */; };
		122969E72AA64D98000DFC2E /* CatsCVCell.swift in Sources */ = {isa = PBXBuildFile; fileRef = 122969E62AA64D98000DFC2E /* CatsCVCell.swift */; };
		122969F12AA74BA6000DFC2E /* SnapKit in Frameworks */ = {isa = PBXBuildFile; productRef = 122969F02AA74BA6000DFC2E /* SnapKit */; };
		122969F32AA753FA000DFC2E /* APIManager.swift in Sources */ = {isa = PBXBuildFile; fileRef = 122969F22AA753FA000DFC2E /* APIManager.swift */; };
		122969F52AA754DE000DFC2E /* APIConstants.swift in Sources */ = {isa = PBXBuildFile; fileRef = 122969F42AA754DE000DFC2E /* APIConstants.swift */; };
		122969F72AA75EFF000DFC2E /* CatModels.swift in Sources */ = {isa = PBXBuildFile; fileRef = 122969F62AA75EFE000DFC2E /* CatModels.swift */; };
		122969FA2AA76502000DFC2E /* SDWebImage in Frameworks */ = {isa = PBXBuildFile; productRef = 122969F92AA76502000DFC2E /* SDWebImage */; };
		12296A032AA8FF03000DFC2E /* CatsCVCellViewModel.swift in Sources */ = {isa = PBXBuildFile; fileRef = 12296A022AA8FF03000DFC2E /* CatsCVCellViewModel.swift */; };
/* End PBXBuildFile section */

/* Begin PBXFileReference section */
		122969C82AA6221B000DFC2E /* xOne-test.app */ = {isa = PBXFileReference; explicitFileType = wrapper.application; includeInIndex = 0; path = "xOne-test.app"; sourceTree = BUILT_PRODUCTS_DIR; };
		122969CB2AA6221B000DFC2E /* AppDelegate.swift */ = {isa = PBXFileReference; lastKnownFileType = sourcecode.swift; path = AppDelegate.swift; sourceTree = "<group>"; };
		122969CD2AA6221B000DFC2E /* SceneDelegate.swift */ = {isa = PBXFileReference; lastKnownFileType = sourcecode.swift; path = SceneDelegate.swift; sourceTree = "<group>"; };
		122969CF2AA6221B000DFC2E /* CatImagesController.swift */ = {isa = PBXFileReference; lastKnownFileType = sourcecode.swift; path = CatImagesController.swift; sourceTree = "<group>"; };
		122969D22AA6221B000DFC2E /* Base */ = {isa = PBXFileReference; lastKnownFileType = file.storyboard; name = Base; path = Base.lproj/Main.storyboard; sourceTree = "<group>"; };
		122969D42AA6221F000DFC2E /* Assets.xcassets */ = {isa = PBXFileReference; lastKnownFileType = folder.assetcatalog; path = Assets.xcassets; sourceTree = "<group>"; };
		122969D72AA6221F000DFC2E /* Base */ = {isa = PBXFileReference; lastKnownFileType = file.storyboard; name = Base; path = Base.lproj/LaunchScreen.storyboard; sourceTree = "<group>"; };
		122969D92AA6221F000DFC2E /* Info.plist */ = {isa = PBXFileReference; lastKnownFileType = text.plist.xml; path = Info.plist; sourceTree = "<group>"; };
		122969E62AA64D98000DFC2E /* CatsCVCell.swift */ = {isa = PBXFileReference; lastKnownFileType = sourcecode.swift; path = CatsCVCell.swift; sourceTree = "<group>"; };
		122969F22AA753FA000DFC2E /* APIManager.swift */ = {isa = PBXFileReference; lastKnownFileType = sourcecode.swift; path = APIManager.swift; sourceTree = "<group>"; };
		122969F42AA754DE000DFC2E /* APIConstants.swift */ = {isa = PBXFileReference; lastKnownFileType = sourcecode.swift; path = APIConstants.swift; sourceTree = "<group>"; };
		122969F62AA75EFE000DFC2E /* CatModels.swift */ = {isa = PBXFileReference; lastKnownFileType = sourcecode.swift; path = CatModels.swift; sourceTree = "<group>"; };
		12296A022AA8FF03000DFC2E /* CatsCVCellViewModel.swift */ = {isa = PBXFileReference; lastKnownFileType = sourcecode.swift; path = CatsCVCellViewModel.swift; sourceTree = "<group>"; };
/* End PBXFileReference section */

/* Begin PBXFrameworksBuildPhase section */
		122969C52AA6221B000DFC2E /* Frameworks */ = {
			isa = PBXFrameworksBuildPhase;
			buildActionMask = 2147483647;
			files = (
				122969FA2AA76502000DFC2E /* SDWebImage in Frameworks */,
				122969F12AA74BA6000DFC2E /* SnapKit in Frameworks */,
			);
			runOnlyForDeploymentPostprocessing = 0;
		};
/* End PBXFrameworksBuildPhase section */

/* Begin PBXGroup section */
		122969BF2AA6221B000DFC2E = {
			isa = PBXGroup;
			children = (
				122969CA2AA6221B000DFC2E /* xOne-test */,
				122969C92AA6221B000DFC2E /* Products */,
			);
			sourceTree = "<group>";
		};
		122969C92AA6221B000DFC2E /* Products */ = {
			isa = PBXGroup;
			children = (
				122969C82AA6221B000DFC2E /* xOne-test.app */,
			);
			name = Products;
			sourceTree = "<group>";
		};
		122969CA2AA6221B000DFC2E /* xOne-test */ = {
			isa = PBXGroup;
			children = (
				122969CB2AA6221B000DFC2E /* AppDelegate.swift */,
				122969CD2AA6221B000DFC2E /* SceneDelegate.swift */,
				122969FC2AA8572B000DFC2E /* Networking */,
				122969FF2AA85774000DFC2E /* ViewModels */,
				122969FE2AA8575E000DFC2E /* Models */,
				122969FD2AA85756000DFC2E /* Views */,
				122969FB2AA85705000DFC2E /* Storyboards */,
				122969D42AA6221F000DFC2E /* Assets.xcassets */,
				122969D92AA6221F000DFC2E /* Info.plist */,
			);
			path = "xOne-test";
			sourceTree = "<group>";
		};
		122969FB2AA85705000DFC2E /* Storyboards */ = {
			isa = PBXGroup;
			children = (
				122969D12AA6221B000DFC2E /* Main.storyboard */,
				122969D62AA6221F000DFC2E /* LaunchScreen.storyboard */,
			);
			path = Storyboards;
			sourceTree = "<group>";
		};
		122969FC2AA8572B000DFC2E /* Networking */ = {
			isa = PBXGroup;
			children = (
				122969F22AA753FA000DFC2E /* APIManager.swift */,
				122969F42AA754DE000DFC2E /* APIConstants.swift */,
			);
			path = Networking;
			sourceTree = "<group>";
		};
		122969FD2AA85756000DFC2E /* Views */ = {
			isa = PBXGroup;
			children = (
				122969E62AA64D98000DFC2E /* CatsCVCell.swift */,
				122969CF2AA6221B000DFC2E /* CatImagesController.swift */,
			);
			path = Views;
			sourceTree = "<group>";
		};
		122969FE2AA8575E000DFC2E /* Models */ = {
			isa = PBXGroup;
			children = (
				122969F62AA75EFE000DFC2E /* CatModels.swift */,
			);
			path = Models;
			sourceTree = "<group>";
		};
		122969FF2AA85774000DFC2E /* ViewModels */ = {
			isa = PBXGroup;
			children = (
				12296A022AA8FF03000DFC2E /* CatsCVCellViewModel.swift */,
			);
			path = ViewModels;
			sourceTree = "<group>";
		};
/* End PBXGroup section */

/* Begin PBXNativeTarget section */
		122969C72AA6221B000DFC2E /* xOne-test */ = {
			isa = PBXNativeTarget;
			buildConfigurationList = 122969DC2AA6221F000DFC2E /* Build configuration list for PBXNativeTarget "xOne-test" */;
			buildPhases = (
				122969C42AA6221B000DFC2E /* Sources */,
				122969C52AA6221B000DFC2E /* Frameworks */,
				122969C62AA6221B000DFC2E /* Resources */,
			);
			buildRules = (
			);
			dependencies = (
			);
			name = "xOne-test";
			packageProductDependencies = (
				122969F02AA74BA6000DFC2E /* SnapKit */,
				122969F92AA76502000DFC2E /* SDWebImage */,
			);
			productName = "xOne-test";
			productReference = 122969C82AA6221B000DFC2E /* xOne-test.app */;
			productType = "com.apple.product-type.application";
		};
/* End PBXNativeTarget section */

/* Begin PBXProject section */
		122969C02AA6221B000DFC2E /* Project object */ = {
			isa = PBXProject;
			attributes = {
				BuildIndependentTargetsInParallel = 1;
				LastSwiftUpdateCheck = 1420;
				LastUpgradeCheck = 1420;
				TargetAttributes = {
					122969C72AA6221B000DFC2E = {
						CreatedOnToolsVersion = 14.2;
					};
				};
			};
			buildConfigurationList = 122969C32AA6221B000DFC2E /* Build configuration list for PBXProject "xOne-test" */;
			compatibilityVersion = "Xcode 14.0";
			developmentRegion = en;
			hasScannedForEncodings = 0;
			knownRegions = (
				en,
				Base,
			);
			mainGroup = 122969BF2AA6221B000DFC2E;
			packageReferences = (
				122969EF2AA74BA6000DFC2E /* XCRemoteSwiftPackageReference "SnapKit" */,
				122969F82AA76502000DFC2E /* XCRemoteSwiftPackageReference "SDWebImage" */,
			);
			productRefGroup = 122969C92AA6221B000DFC2E /* Products */;
			projectDirPath = "";
			projectRoot = "";
			targets = (
				122969C72AA6221B000DFC2E /* xOne-test */,
			);
		};
/* End PBXProject section */

/* Begin PBXResourcesBuildPhase section */
		122969C62AA6221B000DFC2E /* Resources */ = {
			isa = PBXResourcesBuildPhase;
			buildActionMask = 2147483647;
			files = (
				122969D82AA6221F000DFC2E /* LaunchScreen.storyboard in Resources */,
				122969D52AA6221F000DFC2E /* Assets.xcassets in Resources */,
				122969D32AA6221B000DFC2E /* Main.storyboard in Resources */,
			);
			runOnlyForDeploymentPostprocessing = 0;
		};
/* End PBXResourcesBuildPhase section */

/* Begin PBXSourcesBuildPhase section */
		122969C42AA6221B000DFC2E /* Sources */ = {
			isa = PBXSourcesBuildPhase;
			buildActionMask = 2147483647;
			files = (
				122969D02AA6221B000DFC2E /* CatImagesController.swift in Sources */,
				122969CC2AA6221B000DFC2E /* AppDelegate.swift in Sources */,
				122969F52AA754DE000DFC2E /* APIConstants.swift in Sources */,
				122969F32AA753FA000DFC2E /* APIManager.swift in Sources */,
				12296A032AA8FF03000DFC2E /* CatsCVCellViewModel.swift in Sources */,
				122969CE2AA6221B000DFC2E /* SceneDelegate.swift in Sources */,
				122969E72AA64D98000DFC2E /* CatsCVCell.swift in Sources */,
				122969F72AA75EFF000DFC2E /* CatModels.swift in Sources */,
			);
			runOnlyForDeploymentPostprocessing = 0;
		};
/* End PBXSourcesBuildPhase section */

/* Begin PBXVariantGroup section */
		122969D12AA6221B000DFC2E /* Main.storyboard */ = {
			isa = PBXVariantGroup;
			children = (
				122969D22AA6221B000DFC2E /* Base */,
			);
			name = Main.storyboard;
			sourceTree = "<group>";
		};
		122969D62AA6221F000DFC2E /* LaunchScreen.storyboard */ = {
			isa = PBXVariantGroup;
			children = (
				122969D72AA6221F000DFC2E /* Base */,
			);
			name = LaunchScreen.storyboard;
			sourceTree = "<group>";
		};
/* End PBXVariantGroup section */

/* Begin XCBuildConfiguration section */
		122969DA2AA6221F000DFC2E /* Debug */ = {
			isa = XCBuildConfiguration;
			buildSettings = {
				ALWAYS_SEARCH_USER_PATHS = NO;
				CLANG_ANALYZER_NONNULL = YES;
				CLANG_ANALYZER_NUMBER_OBJECT_CONVERSION = YES_AGGRESSIVE;
				CLANG_CXX_LANGUAGE_STANDARD = "gnu++20";
				CLANG_ENABLE_MODULES = YES;
				CLANG_ENABLE_OBJC_ARC = YES;
				CLANG_ENABLE_OBJC_WEAK = YES;
				CLANG_WARN_BLOCK_CAPTURE_AUTORELEASING = YES;
				CLANG_WARN_BOOL_CONVERSION = YES;
				CLANG_WARN_COMMA = YES;
				CLANG_WARN_CONSTANT_CONVERSION = YES;
				CLANG_WARN_DEPRECATED_OBJC_IMPLEMENTATIONS = YES;
				CLANG_WARN_DIRECT_OBJC_ISA_USAGE = YES_ERROR;
				CLANG_WARN_DOCUMENTATION_COMMENTS = YES;
				CLANG_WARN_EMPTY_BODY = YES;
				CLANG_WARN_ENUM_CONVERSION = YES;
				CLANG_WARN_INFINITE_RECURSION = YES;
				CLANG_WARN_INT_CONVERSION = YES;
				CLANG_WARN_NON_LITERAL_NULL_CONVERSION = YES;
				CLANG_WARN_OBJC_IMPLICIT_RETAIN_SELF = YES;
				CLANG_WARN_OBJC_LITERAL_CONVERSION = YES;
				CLANG_WARN_OBJC_ROOT_CLASS = YES_ERROR;
				CLANG_WARN_QUOTED_INCLUDE_IN_FRAMEWORK_HEADER = YES;
				CLANG_WARN_RANGE_LOOP_ANALYSIS = YES;
				CLANG_WARN_STRICT_PROTOTYPES = YES;
				CLANG_WARN_SUSPICIOUS_MOVE = YES;
				CLANG_WARN_UNGUARDED_AVAILABILITY = YES_AGGRESSIVE;
				CLANG_WARN_UNREACHABLE_CODE = YES;
				CLANG_WARN__DUPLICATE_METHOD_MATCH = YES;
				COPY_PHASE_STRIP = NO;
				DEBUG_INFORMATION_FORMAT = dwarf;
				ENABLE_STRICT_OBJC_MSGSEND = YES;
				ENABLE_TESTABILITY = YES;
				GCC_C_LANGUAGE_STANDARD = gnu11;
				GCC_DYNAMIC_NO_PIC = NO;
				GCC_NO_COMMON_BLOCKS = YES;
				GCC_OPTIMIZATION_LEVEL = 0;
				GCC_PREPROCESSOR_DEFINITIONS = (
					"DEBUG=1",
					"$(inherited)",
				);
				GCC_WARN_64_TO_32_BIT_CONVERSION = YES;
				GCC_WARN_ABOUT_RETURN_TYPE = YES_ERROR;
				GCC_WARN_UNDECLARED_SELECTOR = YES;
				GCC_WARN_UNINITIALIZED_AUTOS = YES_AGGRESSIVE;
				GCC_WARN_UNUSED_FUNCTION = YES;
				GCC_WARN_UNUSED_VARIABLE = YES;
				IPHONEOS_DEPLOYMENT_TARGET = 16.2;
				MTL_ENABLE_DEBUG_INFO = INCLUDE_SOURCE;
				MTL_FAST_MATH = YES;
				ONLY_ACTIVE_ARCH = YES;
				SDKROOT = iphoneos;
				SWIFT_ACTIVE_COMPILATION_CONDITIONS = DEBUG;
				SWIFT_OPTIMIZATION_LEVEL = "-Onone";
			};
			name = Debug;
		};
		122969DB2AA6221F000DFC2E /* Release */ = {
			isa = XCBuildConfiguration;
			buildSettings = {
				ALWAYS_SEARCH_USER_PATHS = NO;
				CLANG_ANALYZER_NONNULL = YES;
				CLANG_ANALYZER_NUMBER_OBJECT_CONVERSION = YES_AGGRESSIVE;
				CLANG_CXX_LANGUAGE_STANDARD = "gnu++20";
				CLANG_ENABLE_MODULES = YES;
				CLANG_ENABLE_OBJC_ARC = YES;
				CLANG_ENABLE_OBJC_WEAK = YES;
				CLANG_WARN_BLOCK_CAPTURE_AUTORELEASING = YES;
				CLANG_WARN_BOOL_CONVERSION = YES;
				CLANG_WARN_COMMA = YES;
				CLANG_WARN_CONSTANT_CONVERSION = YES;
				CLANG_WARN_DEPRECATED_OBJC_IMPLEMENTATIONS = YES;
				CLANG_WARN_DIRECT_OBJC_ISA_USAGE = YES_ERROR;
				CLANG_WARN_DOCUMENTATION_COMMENTS = YES;
				CLANG_WARN_EMPTY_BODY = YES;
				CLANG_WARN_ENUM_CONVERSION = YES;
				CLANG_WARN_INFINITE_RECURSION = YES;
				CLANG_WARN_INT_CONVERSION = YES;
				CLANG_WARN_NON_LITERAL_NULL_CONVERSION = YES;
				CLANG_WARN_OBJC_IMPLICIT_RETAIN_SELF = YES;
				CLANG_WARN_OBJC_LITERAL_CONVERSION = YES;
				CLANG_WARN_OBJC_ROOT_CLASS = YES_ERROR;
				CLANG_WARN_QUOTED_INCLUDE_IN_FRAMEWORK_HEADER = YES;
				CLANG_WARN_RANGE_LOOP_ANALYSIS = YES;
				CLANG_WARN_STRICT_PROTOTYPES = YES;
				CLANG_WARN_SUSPICIOUS_MOVE = YES;
				CLANG_WARN_UNGUARDED_AVAILABILITY = YES_AGGRESSIVE;
				CLANG_WARN_UNREACHABLE_CODE = YES;
				CLANG_WARN__DUPLICATE_METHOD_MATCH = YES;
				COPY_PHASE_STRIP = NO;
				DEBUG_INFORMATION_FORMAT = "dwarf-with-dsym";
				ENABLE_NS_ASSERTIONS = NO;
				ENABLE_STRICT_OBJC_MSGSEND = YES;
				GCC_C_LANGUAGE_STANDARD = gnu11;
				GCC_NO_COMMON_BLOCKS = YES;
				GCC_WARN_64_TO_32_BIT_CONVERSION = YES;
				GCC_WARN_ABOUT_RETURN_TYPE = YES_ERROR;
				GCC_WARN_UNDECLARED_SELECTOR = YES;
				GCC_WARN_UNINITIALIZED_AUTOS = YES_AGGRESSIVE;
				GCC_WARN_UNUSED_FUNCTION = YES;
				GCC_WARN_UNUSED_VARIABLE = YES;
				IPHONEOS_DEPLOYMENT_TARGET = 16.2;
				MTL_ENABLE_DEBUG_INFO = NO;
				MTL_FAST_MATH = YES;
				SDKROOT = iphoneos;
				SWIFT_COMPILATION_MODE = wholemodule;
				SWIFT_OPTIMIZATION_LEVEL = "-O";
				VALIDATE_PRODUCT = YES;
			};
			name = Release;
		};
		122969DD2AA6221F000DFC2E /* Debug */ = {
			isa = XCBuildConfiguration;
			buildSettings = {
				ASSETCATALOG_COMPILER_APPICON_NAME = AppIcon;
				ASSETCATALOG_COMPILER_GLOBAL_ACCENT_COLOR_NAME = AccentColor;
				CODE_SIGN_STYLE = Automatic;
				CURRENT_PROJECT_VERSION = 1;
				DEVELOPMENT_TEAM = CCCW4AN62Y;
				GENERATE_INFOPLIST_FILE = YES;
				INFOPLIST_FILE = "xOne-test/Info.plist";
				INFOPLIST_KEY_UIApplicationSupportsIndirectInputEvents = YES;
				INFOPLIST_KEY_UILaunchStoryboardName = LaunchScreen;
				INFOPLIST_KEY_UIMainStoryboardFile = Main;
				INFOPLIST_KEY_UISupportedInterfaceOrientations = UIInterfaceOrientationPortrait;
				LD_RUNPATH_SEARCH_PATHS = (
					"$(inherited)",
					"@executable_path/Frameworks",
				);
				MARKETING_VERSION = 1.0;
				PRODUCT_BUNDLE_IDENTIFIER = "com.halai.xOne-test";
				PRODUCT_NAME = "$(TARGET_NAME)";
				SWIFT_EMIT_LOC_STRINGS = YES;
				SWIFT_VERSION = 5.0;
				TARGETED_DEVICE_FAMILY = "1,2";
			};
			name = Debug;
		};
		122969DE2AA6221F000DFC2E /* Release */ = {
			isa = XCBuildConfiguration;
			buildSettings = {
				ASSETCATALOG_COMPILER_APPICON_NAME = AppIcon;
				ASSETCATALOG_COMPILER_GLOBAL_ACCENT_COLOR_NAME = AccentColor;
				CODE_SIGN_STYLE = Automatic;
				CURRENT_PROJECT_VERSION = 1;
				DEVELOPMENT_TEAM = CCCW4AN62Y;
				GENERATE_INFOPLIST_FILE = YES;
				INFOPLIST_FILE = "xOne-test/Info.plist";
				INFOPLIST_KEY_UIApplicationSupportsIndirectInputEvents = YES;
				INFOPLIST_KEY_UILaunchStoryboardName = LaunchScreen;
				INFOPLIST_KEY_UIMainStoryboardFile = Main;
				INFOPLIST_KEY_UISupportedInterfaceOrientations = UIInterfaceOrientationPortrait;
				LD_RUNPATH_SEARCH_PATHS = (
					"$(inherited)",
					"@executable_path/Frameworks",
				);
				MARKETING_VERSION = 1.0;
				PRODUCT_BUNDLE_IDENTIFIER = "com.halai.xOne-test";
				PRODUCT_NAME = "$(TARGET_NAME)";
				SWIFT_EMIT_LOC_STRINGS = YES;
				SWIFT_VERSION = 5.0;
				TARGETED_DEVICE_FAMILY = "1,2";
			};
			name = Release;
		};
/* End XCBuildConfiguration section */

/* Begin XCConfigurationList section */
		122969C32AA6221B000DFC2E /* Build configuration list for PBXProject "xOne-test" */ = {
			isa = XCConfigurationList;
			buildConfigurations = (
				122969DA2AA6221F000DFC2E /* Debug */,
				122969DB2AA6221F000DFC2E /* Release */,
			);
			defaultConfigurationIsVisible = 0;
			defaultConfigurationName = Release;
		};
		122969DC2AA6221F000DFC2E /* Build configuration list for PBXNativeTarget "xOne-test" */ = {
			isa = XCConfigurationList;
			buildConfigurations = (
				122969DD2AA6221F000DFC2E /* Debug */,
				122969DE2AA6221F000DFC2E /* Release */,
			);
			defaultConfigurationIsVisible = 0;
			defaultConfigurationName = Release;
		};
/* End XCConfigurationList section */

/* Begin XCRemoteSwiftPackageReference section */
		122969EF2AA74BA6000DFC2E /* XCRemoteSwiftPackageReference "SnapKit" */ = {
			isa = XCRemoteSwiftPackageReference;
			repositoryURL = "https://github.com/SnapKit/SnapKit.git";
			requirement = {
				kind = upToNextMajorVersion;
				minimumVersion = 5.0.0;
			};
		};
		122969F82AA76502000DFC2E /* XCRemoteSwiftPackageReference "SDWebImage" */ = {
			isa = XCRemoteSwiftPackageReference;
			repositoryURL = "https://github.com/SDWebImage/SDWebImage.git";
			requirement = {
				kind = upToNextMajorVersion;
				minimumVersion = 5.0.0;
			};
		};
/* End XCRemoteSwiftPackageReference section */

/* Begin XCSwiftPackageProductDependency section */
		122969F02AA74BA6000DFC2E /* SnapKit */ = {
			isa = XCSwiftPackageProductDependency;
			package = 122969EF2AA74BA6000DFC2E /* XCRemoteSwiftPackageReference "SnapKit" */;
			productName = SnapKit;
		};
		122969F92AA76502000DFC2E /* SDWebImage */ = {
			isa = XCSwiftPackageProductDependency;
			package = 122969F82AA76502000DFC2E /* XCRemoteSwiftPackageReference "SDWebImage" */;
			productName = SDWebImage;
		};
/* End XCSwiftPackageProductDependency section */
	};
	rootObject = 122969C02AA6221B000DFC2E /* Project object */;
}
